
Microsoft Visual Studio Solution File, Format Version 12.00
# Visual Studio Version 17
VisualStudioVersion = 17.9.34622.214
MinimumVisualStudioVersion = 10.0.40219.1
Project("{9A19103F-16F7-4668-BE54-9A1E7A4F7556}") = "AvoidStar", "AvoidStar.csproj", "{A6A72FF2-4A03-4AA7-A43A-9835CD3DA9E2}"
EndProject
Project("{FAE04EC0-301F-11D3-BF4B-00C04F79EFBC}") = "review", "review\review.csproj", "{4ED31B0D-D053-46D7-9150-772A4EADCC26}"
EndProject
Global
	GlobalSection(SolutionConfigurationPlatforms) = preSolution
		Debug|Any CPU = Debug|Any CPU
		Release|Any CPU = Release|Any CPU
	EndGlobalSection
	GlobalSection(ProjectConfigurationPlatforms) = postSolution
		{A6A72FF2-4A03-4AA7-A43A-9835CD3DA9E2}.Debug|Any CPU.ActiveCfg = Debug|Any CPU
		{A6A72FF2-4A03-4AA7-A43A-9835CD3DA9E2}.Debug|Any CPU.Build.0 = Debug|Any CPU
		{A6A72FF2-4A03-4AA7-A43A-9835CD3DA9E2}.Release|Any CPU.ActiveCfg = Release|Any CPU
		{A6A72FF2-4A03-4AA7-A43A-9835CD3DA9E2}.Release|Any CPU.Build.0 = Release|Any CPU
		{4ED31B0D-D053-46D7-9150-772A4EADCC26}.Debug|Any CPU.ActiveCfg = Debug|Any CPU
		{4ED31B0D-D053-46D7-9150-772A4EADCC26}.Debug|Any CPU.Build.0 = Debug|Any CPU
		{4ED31B0D-D053-46D7-9150-772A4EADCC26}.Release|Any CPU.ActiveCfg = Release|Any CPU
		{4ED31B0D-D053-46D7-9150-772A4EADCC26}.Release|Any CPU.Build.0 = Release|Any CPU
	EndGlobalSection
	GlobalSection(SolutionProperties) = preSolution
		HideSolutionNode = FALSE
	EndGlobalSection
	GlobalSection(ExtensibilityGlobals) = postSolution
		SolutionGuid = {CB85453F-4AD8-4CC3-A57D-750152D2D2C3}
	EndGlobalSection
EndGlobal
